// !$*UTF8*$!
{
	archiveVersion = 1;
	classes = {
	};
	objectVersion = 50;
	objects = {

/* Begin PBXBuildFile section */
		AB10686A22115169001E8C63 /* ExternalCommand.swift in Sources */ = {isa = PBXBuildFile; fileRef = AB10685522115169001E8C63 /* ExternalCommand.swift */; };
		AB10686B22115169001E8C63 /* ColorSet.swift in Sources */ = {isa = PBXBuildFile; fileRef = AB10685722115169001E8C63 /* ColorSet.swift */; };
		AB10686C22115169001E8C63 /* AppearanceValue.swift in Sources */ = {isa = PBXBuildFile; fileRef = AB10685922115169001E8C63 /* AppearanceValue.swift */; };
		AB10686D22115169001E8C63 /* Idiom.swift in Sources */ = {isa = PBXBuildFile; fileRef = AB10685A22115169001E8C63 /* Idiom.swift */; };
		AB10686E22115169001E8C63 /* Info.swift in Sources */ = {isa = PBXBuildFile; fileRef = AB10685B22115169001E8C63 /* Info.swift */; };
		AB10686F22115169001E8C63 /* ColorSpace.swift in Sources */ = {isa = PBXBuildFile; fileRef = AB10685C22115169001E8C63 /* ColorSpace.swift */; };
		AB10687022115169001E8C63 /* IdiomGamut.swift in Sources */ = {isa = PBXBuildFile; fileRef = AB10685D22115169001E8C63 /* IdiomGamut.swift */; };
		AB10687122115169001E8C63 /* Contents.swift in Sources */ = {isa = PBXBuildFile; fileRef = AB10685E22115169001E8C63 /* Contents.swift */; };
		AB10687222115169001E8C63 /* DisplayGamut.swift in Sources */ = {isa = PBXBuildFile; fileRef = AB10685F22115169001E8C63 /* DisplayGamut.swift */; };
		AB10687322115169001E8C63 /* Value.swift in Sources */ = {isa = PBXBuildFile; fileRef = AB10686022115169001E8C63 /* Value.swift */; };
		AB10687422115169001E8C63 /* Components.swift in Sources */ = {isa = PBXBuildFile; fileRef = AB10686122115169001E8C63 /* Components.swift */; };
		AB10687522115169001E8C63 /* Color.swift in Sources */ = {isa = PBXBuildFile; fileRef = AB10686222115169001E8C63 /* Color.swift */; };
		AB10687622115169001E8C63 /* Appearance.swift in Sources */ = {isa = PBXBuildFile; fileRef = AB10686322115169001E8C63 /* Appearance.swift */; };
		AB10687722115169001E8C63 /* Optional.swift in Sources */ = {isa = PBXBuildFile; fileRef = AB10686522115169001E8C63 /* Optional.swift */; };
		AB10687822115169001E8C63 /* FileInfo.swift in Sources */ = {isa = PBXBuildFile; fileRef = AB10686722115169001E8C63 /* FileInfo.swift */; };
		AB10687922115169001E8C63 /* ColorSetList.swift in Sources */ = {isa = PBXBuildFile; fileRef = AB10686822115169001E8C63 /* ColorSetList.swift */; };
		AB27122F2217CD0300AA10FD /* ColorsetPaths.swift in Sources */ = {isa = PBXBuildFile; fileRef = AB27122E2217CD0300AA10FD /* ColorsetPaths.swift */; };
		AB27124A2217D68E00AA10FD /* libShellKit.a in Frameworks */ = {isa = PBXBuildFile; fileRef = AB2712492217D68E00AA10FD /* libShellKit.a */; };
/* End PBXBuildFile section */

/* Begin PBXCopyFilesBuildPhase section */
		AB850917220EAEF500D54F13 /* CopyFiles */ = {
			isa = PBXCopyFilesBuildPhase;
			buildActionMask = 2147483647;
			dstPath = "include/$(PRODUCT_NAME)";
			dstSubfolderSpec = 16;
			files = (
			);
			runOnlyForDeploymentPostprocessing = 0;
		};
/* End PBXCopyFilesBuildPhase section */

/* Begin PBXFileReference section */
		AB10685522115169001E8C63 /* ExternalCommand.swift */ = {isa = PBXFileReference; fileEncoding = 4; lastKnownFileType = sourcecode.swift; path = ExternalCommand.swift; sourceTree = "<group>"; };
		AB10685722115169001E8C63 /* ColorSet.swift */ = {isa = PBXFileReference; fileEncoding = 4; lastKnownFileType = sourcecode.swift; path = ColorSet.swift; sourceTree = "<group>"; };
		AB10685922115169001E8C63 /* AppearanceValue.swift */ = {isa = PBXFileReference; fileEncoding = 4; lastKnownFileType = sourcecode.swift; path = AppearanceValue.swift; sourceTree = "<group>"; };
		AB10685A22115169001E8C63 /* Idiom.swift */ = {isa = PBXFileReference; fileEncoding = 4; lastKnownFileType = sourcecode.swift; path = Idiom.swift; sourceTree = "<group>"; };
		AB10685B22115169001E8C63 /* Info.swift */ = {isa = PBXFileReference; fileEncoding = 4; lastKnownFileType = sourcecode.swift; path = Info.swift; sourceTree = "<group>"; };
		AB10685C22115169001E8C63 /* ColorSpace.swift */ = {isa = PBXFileReference; fileEncoding = 4; lastKnownFileType = sourcecode.swift; path = ColorSpace.swift; sourceTree = "<group>"; };
		AB10685D22115169001E8C63 /* IdiomGamut.swift */ = {isa = PBXFileReference; fileEncoding = 4; lastKnownFileType = sourcecode.swift; path = IdiomGamut.swift; sourceTree = "<group>"; };
		AB10685E22115169001E8C63 /* Contents.swift */ = {isa = PBXFileReference; fileEncoding = 4; lastKnownFileType = sourcecode.swift; path = Contents.swift; sourceTree = "<group>"; };
		AB10685F22115169001E8C63 /* DisplayGamut.swift */ = {isa = PBXFileReference; fileEncoding = 4; lastKnownFileType = sourcecode.swift; path = DisplayGamut.swift; sourceTree = "<group>"; };
		AB10686022115169001E8C63 /* Value.swift */ = {isa = PBXFileReference; fileEncoding = 4; lastKnownFileType = sourcecode.swift; path = Value.swift; sourceTree = "<group>"; };
		AB10686122115169001E8C63 /* Components.swift */ = {isa = PBXFileReference; fileEncoding = 4; lastKnownFileType = sourcecode.swift; path = Components.swift; sourceTree = "<group>"; };
		AB10686222115169001E8C63 /* Color.swift */ = {isa = PBXFileReference; fileEncoding = 4; lastKnownFileType = sourcecode.swift; path = Color.swift; sourceTree = "<group>"; };
		AB10686322115169001E8C63 /* Appearance.swift */ = {isa = PBXFileReference; fileEncoding = 4; lastKnownFileType = sourcecode.swift; path = Appearance.swift; sourceTree = "<group>"; };
		AB10686522115169001E8C63 /* Optional.swift */ = {isa = PBXFileReference; fileEncoding = 4; lastKnownFileType = sourcecode.swift; path = Optional.swift; sourceTree = "<group>"; };
		AB10686722115169001E8C63 /* FileInfo.swift */ = {isa = PBXFileReference; fileEncoding = 4; lastKnownFileType = sourcecode.swift; path = FileInfo.swift; sourceTree = "<group>"; };
		AB10686822115169001E8C63 /* ColorSetList.swift */ = {isa = PBXFileReference; fileEncoding = 4; lastKnownFileType = sourcecode.swift; path = ColorSetList.swift; sourceTree = "<group>"; };
		AB27122E2217CD0300AA10FD /* ColorsetPaths.swift */ = {isa = PBXFileReference; lastKnownFileType = sourcecode.swift; path = ColorsetPaths.swift; sourceTree = "<group>"; };
		AB2712492217D68E00AA10FD /* libShellKit.a */ = {isa = PBXFileReference; explicitFileType = archive.ar; path = libShellKit.a; sourceTree = BUILT_PRODUCTS_DIR; };
		AB850919220EAEF500D54F13 /* libColorSetKit.a */ = {isa = PBXFileReference; explicitFileType = archive.ar; includeInIndex = 0; path = libColorSetKit.a; sourceTree = BUILT_PRODUCTS_DIR; };
/* End PBXFileReference section */

/* Begin PBXFrameworksBuildPhase section */
		AB850916220EAEF500D54F13 /* Frameworks */ = {
			isa = PBXFrameworksBuildPhase;
			buildActionMask = 2147483647;
			files = (
				AB27124A2217D68E00AA10FD /* libShellKit.a in Frameworks */,
			);
			runOnlyForDeploymentPostprocessing = 0;
		};
/* End PBXFrameworksBuildPhase section */

/* Begin PBXGroup section */
		AB10685122115169001E8C63 /* Sources */ = {
			isa = PBXGroup;
			children = (
				AB10685222115169001E8C63 /* ColorSetKit */,
			);
			path = Sources;
			sourceTree = "<group>";
		};
		AB10685222115169001E8C63 /* ColorSetKit */ = {
			isa = PBXGroup;
			children = (
				AB10685622115169001E8C63 /* Directory */,
				AB10685822115169001E8C63 /* JSON */,
				AB10686622115169001E8C63 /* Model */,
				AB10685322115169001E8C63 /* Shell */,
				AB10686422115169001E8C63 /* Swift */,
			);
			path = ColorSetKit;
			sourceTree = "<group>";
		};
		AB10685322115169001E8C63 /* Shell */ = {
			isa = PBXGroup;
			children = (
				AB10685522115169001E8C63 /* ExternalCommand.swift */,
			);
			path = Shell;
			sourceTree = "<group>";
		};
		AB10685622115169001E8C63 /* Directory */ = {
			isa = PBXGroup;
			children = (
				AB10685722115169001E8C63 /* ColorSet.swift */,
			);
			path = Directory;
			sourceTree = "<group>";
		};
		AB10685822115169001E8C63 /* JSON */ = {
			isa = PBXGroup;
			children = (
				AB10686322115169001E8C63 /* Appearance.swift */,
				AB10685922115169001E8C63 /* AppearanceValue.swift */,
				AB10686222115169001E8C63 /* Color.swift */,
				AB10685C22115169001E8C63 /* ColorSpace.swift */,
				AB10686122115169001E8C63 /* Components.swift */,
				AB10685E22115169001E8C63 /* Contents.swift */,
				AB10685F22115169001E8C63 /* DisplayGamut.swift */,
				AB10685A22115169001E8C63 /* Idiom.swift */,
				AB10685D22115169001E8C63 /* IdiomGamut.swift */,
				AB10685B22115169001E8C63 /* Info.swift */,
				AB10686022115169001E8C63 /* Value.swift */,
			);
			path = JSON;
			sourceTree = "<group>";
		};
		AB10686422115169001E8C63 /* Swift */ = {
			isa = PBXGroup;
			children = (
				AB10686522115169001E8C63 /* Optional.swift */,
			);
			path = Swift;
			sourceTree = "<group>";
		};
		AB10686622115169001E8C63 /* Model */ = {
			isa = PBXGroup;
			children = (
				AB10686822115169001E8C63 /* ColorSetList.swift */,
				AB27122E2217CD0300AA10FD /* ColorsetPaths.swift */,
				AB10686722115169001E8C63 /* FileInfo.swift */,
			);
			path = Model;
			sourceTree = "<group>";
		};
		AB2712482217D68E00AA10FD /* Frameworks */ = {
			isa = PBXGroup;
			children = (
				AB2712492217D68E00AA10FD /* libShellKit.a */,
			);
			name = Frameworks;
			sourceTree = "<group>";
		};
		AB850910220EAEF500D54F13 = {
			isa = PBXGroup;
			children = (
				AB2712482217D68E00AA10FD /* Frameworks */,
				AB85091A220EAEF500D54F13 /* Products */,
				AB10685122115169001E8C63 /* Sources */,
			);
			sourceTree = "<group>";
		};
		AB85091A220EAEF500D54F13 /* Products */ = {
			isa = PBXGroup;
			children = (
				AB850919220EAEF500D54F13 /* libColorSetKit.a */,
			);
			name = Products;
			sourceTree = "<group>";
		};
/* End PBXGroup section */

/* Begin PBXNativeTarget section */
		AB850918220EAEF500D54F13 /* ColorSetKit */ = {
			isa = PBXNativeTarget;
			buildConfigurationList = AB850920220EAEF500D54F13 /* Build configuration list for PBXNativeTarget "ColorSetKit" */;
			buildPhases = (
				AB850915220EAEF500D54F13 /* Sources */,
				AB850916220EAEF500D54F13 /* Frameworks */,
				AB850917220EAEF500D54F13 /* CopyFiles */,
			);
			buildRules = (
			);
			dependencies = (
			);
			name = ColorSetKit;
			productName = ColorSet;
			productReference = AB850919220EAEF500D54F13 /* libColorSetKit.a */;
			productType = "com.apple.product-type.library.static";
		};
/* End PBXNativeTarget section */

/* Begin PBXProject section */
		AB850911220EAEF500D54F13 /* Project object */ = {
			isa = PBXProject;
			attributes = {
				LastSwiftUpdateCheck = 1010;
				LastUpgradeCheck = 1010;
				TargetAttributes = {
					AB850918220EAEF500D54F13 = {
						CreatedOnToolsVersion = 10.1;
					};
				};
			};
			buildConfigurationList = AB850914220EAEF500D54F13 /* Build configuration list for PBXProject "ColorSetKit" */;
			compatibilityVersion = "Xcode 9.3";
			developmentRegion = en;
			hasScannedForEncodings = 0;
			knownRegions = (
				en,
			);
			mainGroup = AB850910220EAEF500D54F13;
			productRefGroup = AB85091A220EAEF500D54F13 /* Products */;
			projectDirPath = "";
			projectRoot = "";
			targets = (
				AB850918220EAEF500D54F13 /* ColorSetKit */,
			);
		};
/* End PBXProject section */

/* Begin PBXSourcesBuildPhase section */
		AB850915220EAEF500D54F13 /* Sources */ = {
			isa = PBXSourcesBuildPhase;
			buildActionMask = 2147483647;
			files = (
				AB10687622115169001E8C63 /* Appearance.swift in Sources */,
				AB10686C22115169001E8C63 /* AppearanceValue.swift in Sources */,
				AB10687522115169001E8C63 /* Color.swift in Sources */,
				AB10686B22115169001E8C63 /* ColorSet.swift in Sources */,
				AB10687922115169001E8C63 /* ColorSetList.swift in Sources */,
				AB27122F2217CD0300AA10FD /* ColorsetPaths.swift in Sources */,
				AB10686F22115169001E8C63 /* ColorSpace.swift in Sources */,
				AB10687422115169001E8C63 /* Components.swift in Sources */,
				AB10687122115169001E8C63 /* Contents.swift in Sources */,
				AB10687222115169001E8C63 /* DisplayGamut.swift in Sources */,
				AB10686A22115169001E8C63 /* ExternalCommand.swift in Sources */,
				AB10687822115169001E8C63 /* FileInfo.swift in Sources */,
				AB10686D22115169001E8C63 /* Idiom.swift in Sources */,
				AB10687022115169001E8C63 /* IdiomGamut.swift in Sources */,
				AB10686E22115169001E8C63 /* Info.swift in Sources */,
				AB10687722115169001E8C63 /* Optional.swift in Sources */,
				AB10687322115169001E8C63 /* Value.swift in Sources */,
			);
			runOnlyForDeploymentPostprocessing = 0;
		};
/* End PBXSourcesBuildPhase section */

/* Begin XCBuildConfiguration section */
		AB85091E220EAEF500D54F13 /* Debug */ = {
			isa = XCBuildConfiguration;
			buildSettings = {
				ALWAYS_SEARCH_USER_PATHS = NO;
				CLANG_ANALYZER_NONNULL = YES;
				CLANG_ANALYZER_NUMBER_OBJECT_CONVERSION = YES_AGGRESSIVE;
				CLANG_CXX_LANGUAGE_STANDARD = "gnu++14";
				CLANG_CXX_LIBRARY = "libc++";
				CLANG_ENABLE_MODULES = YES;
				CLANG_ENABLE_OBJC_ARC = YES;
				CLANG_ENABLE_OBJC_WEAK = YES;
				CLANG_WARN_BLOCK_CAPTURE_AUTORELEASING = YES;
				CLANG_WARN_BOOL_CONVERSION = YES;
				CLANG_WARN_COMMA = YES;
				CLANG_WARN_CONSTANT_CONVERSION = YES;
				CLANG_WARN_DEPRECATED_OBJC_IMPLEMENTATIONS = YES;
				CLANG_WARN_DIRECT_OBJC_ISA_USAGE = YES_ERROR;
				CLANG_WARN_DOCUMENTATION_COMMENTS = YES;
				CLANG_WARN_EMPTY_BODY = YES;
				CLANG_WARN_ENUM_CONVERSION = YES;
				CLANG_WARN_INFINITE_RECURSION = YES;
				CLANG_WARN_INT_CONVERSION = YES;
				CLANG_WARN_NON_LITERAL_NULL_CONVERSION = YES;
				CLANG_WARN_OBJC_IMPLICIT_RETAIN_SELF = YES;
				CLANG_WARN_OBJC_LITERAL_CONVERSION = YES;
				CLANG_WARN_OBJC_ROOT_CLASS = YES_ERROR;
				CLANG_WARN_RANGE_LOOP_ANALYSIS = YES;
				CLANG_WARN_STRICT_PROTOTYPES = YES;
				CLANG_WARN_SUSPICIOUS_MOVE = YES;
				CLANG_WARN_UNGUARDED_AVAILABILITY = YES_AGGRESSIVE;
				CLANG_WARN_UNREACHABLE_CODE = YES;
				CLANG_WARN__DUPLICATE_METHOD_MATCH = YES;
				CODE_SIGN_IDENTITY = "iPhone Developer";
				COPY_PHASE_STRIP = NO;
				DEBUG_INFORMATION_FORMAT = dwarf;
				ENABLE_STRICT_OBJC_MSGSEND = YES;
				ENABLE_TESTABILITY = YES;
				GCC_C_LANGUAGE_STANDARD = gnu11;
				GCC_DYNAMIC_NO_PIC = NO;
				GCC_NO_COMMON_BLOCKS = YES;
				GCC_OPTIMIZATION_LEVEL = 0;
				GCC_PREPROCESSOR_DEFINITIONS = (
					"DEBUG=1",
					"$(inherited)",
				);
				GCC_WARN_64_TO_32_BIT_CONVERSION = YES;
				GCC_WARN_ABOUT_RETURN_TYPE = YES_ERROR;
				GCC_WARN_UNDECLARED_SELECTOR = YES;
				GCC_WARN_UNINITIALIZED_AUTOS = YES_AGGRESSIVE;
				GCC_WARN_UNUSED_FUNCTION = YES;
				GCC_WARN_UNUSED_VARIABLE = YES;
				IPHONEOS_DEPLOYMENT_TARGET = 12.1;
				MTL_ENABLE_DEBUG_INFO = INCLUDE_SOURCE;
				MTL_FAST_MATH = YES;
				ONLY_ACTIVE_ARCH = YES;
				SDKROOT = macosx;
				SWIFT_ACTIVE_COMPILATION_CONDITIONS = DEBUG;
				SWIFT_OPTIMIZATION_LEVEL = "-Onone";
			};
			name = Debug;
		};
		AB85091F220EAEF500D54F13 /* Release */ = {
			isa = XCBuildConfiguration;
			buildSettings = {
				ALWAYS_SEARCH_USER_PATHS = NO;
				CLANG_ANALYZER_NONNULL = YES;
				CLANG_ANALYZER_NUMBER_OBJECT_CONVERSION = YES_AGGRESSIVE;
				CLANG_CXX_LANGUAGE_STANDARD = "gnu++14";
				CLANG_CXX_LIBRARY = "libc++";
				CLANG_ENABLE_MODULES = YES;
				CLANG_ENABLE_OBJC_ARC = YES;
				CLANG_ENABLE_OBJC_WEAK = YES;
				CLANG_WARN_BLOCK_CAPTURE_AUTORELEASING = YES;
				CLANG_WARN_BOOL_CONVERSION = YES;
				CLANG_WARN_COMMA = YES;
				CLANG_WARN_CONSTANT_CONVERSION = YES;
				CLANG_WARN_DEPRECATED_OBJC_IMPLEMENTATIONS = YES;
				CLANG_WARN_DIRECT_OBJC_ISA_USAGE = YES_ERROR;
				CLANG_WARN_DOCUMENTATION_COMMENTS = YES;
				CLANG_WARN_EMPTY_BODY = YES;
				CLANG_WARN_ENUM_CONVERSION = YES;
				CLANG_WARN_INFINITE_RECURSION = YES;
				CLANG_WARN_INT_CONVERSION = YES;
				CLANG_WARN_NON_LITERAL_NULL_CONVERSION = YES;
				CLANG_WARN_OBJC_IMPLICIT_RETAIN_SELF = YES;
				CLANG_WARN_OBJC_LITERAL_CONVERSION = YES;
				CLANG_WARN_OBJC_ROOT_CLASS = YES_ERROR;
				CLANG_WARN_RANGE_LOOP_ANALYSIS = YES;
				CLANG_WARN_STRICT_PROTOTYPES = YES;
				CLANG_WARN_SUSPICIOUS_MOVE = YES;
				CLANG_WARN_UNGUARDED_AVAILABILITY = YES_AGGRESSIVE;
				CLANG_WARN_UNREACHABLE_CODE = YES;
				CLANG_WARN__DUPLICATE_METHOD_MATCH = YES;
				CODE_SIGN_IDENTITY = "iPhone Developer";
				COPY_PHASE_STRIP = NO;
				DEBUG_INFORMATION_FORMAT = "dwarf-with-dsym";
				ENABLE_NS_ASSERTIONS = NO;
				ENABLE_STRICT_OBJC_MSGSEND = YES;
				GCC_C_LANGUAGE_STANDARD = gnu11;
				GCC_NO_COMMON_BLOCKS = YES;
				GCC_WARN_64_TO_32_BIT_CONVERSION = YES;
				GCC_WARN_ABOUT_RETURN_TYPE = YES_ERROR;
				GCC_WARN_UNDECLARED_SELECTOR = YES;
				GCC_WARN_UNINITIALIZED_AUTOS = YES_AGGRESSIVE;
				GCC_WARN_UNUSED_FUNCTION = YES;
				GCC_WARN_UNUSED_VARIABLE = YES;
				IPHONEOS_DEPLOYMENT_TARGET = 12.1;
				MTL_ENABLE_DEBUG_INFO = NO;
				MTL_FAST_MATH = YES;
				SDKROOT = macosx;
				SWIFT_COMPILATION_MODE = wholemodule;
				SWIFT_OPTIMIZATION_LEVEL = "-O";
				VALIDATE_PRODUCT = YES;
			};
			name = Release;
		};
		AB850921220EAEF500D54F13 /* Debug */ = {
			isa = XCBuildConfiguration;
			buildSettings = {
				CODE_SIGN_STYLE = Automatic;
				OTHER_LDFLAGS = "-ObjC";
				PRODUCT_NAME = "$(TARGET_NAME)";
				SKIP_INSTALL = YES;
				SWIFT_VERSION = 4.2;
				TARGETED_DEVICE_FAMILY = "1,2";
			};
			name = Debug;
		};
		AB850922220EAEF500D54F13 /* Release */ = {
			isa = XCBuildConfiguration;
			buildSettings = {
				CODE_SIGN_STYLE = Automatic;
				OTHER_LDFLAGS = "-ObjC";
				PRODUCT_NAME = "$(TARGET_NAME)";
				SKIP_INSTALL = YES;
				SWIFT_VERSION = 4.2;
				TARGETED_DEVICE_FAMILY = "1,2";
			};
			name = Release;
		};
/* End XCBuildConfiguration section */

/* Begin XCConfigurationList section */
		AB850914220EAEF500D54F13 /* Build configuration list for PBXProject "ColorSetKit" */ = {
			isa = XCConfigurationList;
			buildConfigurations = (
				AB85091E220EAEF500D54F13 /* Debug */,
				AB85091F220EAEF500D54F13 /* Release */,
			);
			defaultConfigurationIsVisible = 0;
			defaultConfigurationName = Release;
		};
		AB850920220EAEF500D54F13 /* Build configuration list for PBXNativeTarget "ColorSetKit" */ = {
			isa = XCConfigurationList;
			buildConfigurations = (
				AB850921220EAEF500D54F13 /* Debug */,
				AB850922220EAEF500D54F13 /* Release */,
			);
			defaultConfigurationIsVisible = 0;
			defaultConfigurationName = Release;
		};
/* End XCConfigurationList section */
	};
	rootObject = AB850911220EAEF500D54F13 /* Project object */;
}
